PODS:
  - DACircularProgress (2.3.1)
  - pop (1.0.9)
  - SDWebImage (4.3.0):
    - SDWebImage/Core (= 4.3.0)
  - SDWebImage/Core (4.3.0)

DEPENDENCIES:
  - DACircularProgress
  - pop
  - SDWebImage

SPEC REPOS:
  trunk:
    - DACircularProgress
    - pop
    - SDWebImage

SPEC CHECKSUMS:
  DACircularProgress: 4dd437c0fc3da5161cb289e07ac449493d41db71
  pop: f667631a5108a2e60d9e8797c9b32ddaf2080bce
  SDWebImage: 6da6c8bca115addc4de8613362e1b15f66333825

PODFILE CHECKSUM: c6bf4c8a201f11304f35d333cc3002246731ced2

COCOAPODS: 1.11.1
